// !$*UTF8*$!
{
	archiveVersion = 1;
	classes = {
	};
	objectVersion = 77;
	objects = {

/* Begin PBXBuildFile section */
		010A2C50BC39F670A6B91D2C /* HomemUITests.swift in Sources */ = {isa = PBXBuildFile; fileRef = FA1C464B99E3851A66AD99C3 /* HomemUITests.swift */; };
		0C0695166A5080F9313184C2 /* AgentViews.swift in Sources */ = {isa = PBXBuildFile; fileRef = 65E9588DE604088A2FDF817C /* AgentViews.swift */; };
		108C464CE88FC310421833A6 /* SharedAccountDirectory.swift in Sources */ = {isa = PBXBuildFile; fileRef = EE8E67E75BEFFCE8E6968260 /* SharedAccountDirectory.swift */; };
		1117C5EE5D341CC02DB727F2 /* OfficialLoginTests.swift in Sources */ = {isa = PBXBuildFile; fileRef = 6C4A17048FA3998EA4C7A2FE /* OfficialLoginTests.swift */; };
		124856A5928CDADCA8CBBB77 /* NewConversationView.swift in Sources */ = {isa = PBXBuildFile; fileRef = 5B723DB07120BB218AEA9300 /* NewConversationView.swift */; };
		149E634A7E47F34E8FE199DD /* CoreTests.swift in Sources */ = {isa = PBXBuildFile; fileRef = 58FE24381BEAAF94F9E470AD /* CoreTests.swift */; };
		14F0A97B4FDD50E762D26055 /* Localizable.xcstrings in Resources */ = {isa = PBXBuildFile; fileRef = 15E46FA0207FBBC84DEFE9CA /* Localizable.xcstrings */; };
		184354A9ABE5B18EAB9F93A2 /* SwiftTerm-LICENSE.txt in Resources */ = {isa = PBXBuildFile; fileRef = ABA5899BCBC10196FA429E99 /* SwiftTerm-LICENSE.txt */; };
		1855B92EA42B9F28B27DEC62 /* SchemaCatalog.swift in Sources */ = {isa = PBXBuildFile; fileRef = 8A27814A97C8F01247F153F9 /* SchemaCatalog.swift */; };
		1867D7F93C26ED97CC6ABD56 /* ResourceViews.swift in Sources */ = {isa = PBXBuildFile; fileRef = 35B74DD4C0B4B7C4F3884D38 /* ResourceViews.swift */; };
		18ACE2490CA018D0B330B79F /* IntegrationTests.swift in Sources */ = {isa = PBXBuildFile; fileRef = F0EAE6C709AFD0F1A8B020C0 /* IntegrationTests.swift */; };
		19C6C62DA11ECEEE5447DDA1 /* InfoPlist.xcstrings in Resources */ = {isa = PBXBuildFile; fileRef = 8F365A0DBEC7B8577564B35E /* InfoPlist.xcstrings */; };
		1C797477B620B68DD5316C41 /* CodeFormatting.swift in Sources */ = {isa = PBXBuildFile; fileRef = 38C7A8C7C6DA5729688BCF19 /* CodeFormatting.swift */; };
		1EDF6AA8EA98B83B955F8F8C /* TokenUsageView.swift in Sources */ = {isa = PBXBuildFile; fileRef = 99BD38F6B72C4052076BB7C3 /* TokenUsageView.swift */; };
		21742C32DA7E8FC3454DC0D4 /* ChatQueueTests.swift in Sources */ = {isa = PBXBuildFile; fileRef = FD40AFB375812C5EECDC6933 /* ChatQueueTests.swift */; };
		2946FDCAABE3FF6CF882D03C /* AppStore.swift in Sources */ = {isa = PBXBuildFile; fileRef = A28DADE91BEAC740FA749143 /* AppStore.swift */; };
		29C62024FD9395E1EE0BF496 /* L10n-swift-LICENSE.txt in Resources */ = {isa = PBXBuildFile; fileRef = 7D7D835F11404DC04AD2723A /* L10n-swift-LICENSE.txt */; };
		29F1CD840D1482316DB4D415 /* WorkspaceViews.swift in Sources */ = {isa = PBXBuildFile; fileRef = 7AAAB7846C0205C87596C365 /* WorkspaceViews.swift */; };
		2B1CDDF997ABCDD7B2F0C94E /* Localization.swift in Sources */ = {isa = PBXBuildFile; fileRef = 3A7C71552284738F50996FEC /* Localization.swift */; };
		2BCF85071462F702D341F668 /* AuthorizationView.swift in Sources */ = {isa = PBXBuildFile; fileRef = 20D4E505D6E2AE02A980EABB /* AuthorizationView.swift */; };
		2C32313BFD71783F4F35935F /* ConnectionView.swift in Sources */ = {isa = PBXBuildFile; fileRef = 51CC08F87EE3F450EECB44C6 /* ConnectionView.swift */; };
		2FB3018334F4AEEC168B6108 /* ChatRuntime.swift in Sources */ = {isa = PBXBuildFile; fileRef = 534BFEE86E03D12C6A1BB4F6 /* ChatRuntime.swift */; };
		33093B6E423D764EEB3FD8F6 /* ChatViews.swift in Sources */ = {isa = PBXBuildFile; fileRef = 83AFEF7E268AC2F5ABCA125B /* ChatViews.swift */; };
		35038598AABE67ED93A6215B /* DesktopPictureInPictureTests.swift in Sources */ = {isa = PBXBuildFile; fileRef = 0B4666035F8E5076BC7244CA /* DesktopPictureInPictureTests.swift */; };
		386747D70C5744A1A84BBE1D /* memoh-openapi.json in Resources */ = {isa = PBXBuildFile; fileRef = A00992967774922E387E64C1 /* memoh-openapi.json */; };
		3D6F4681AF8B8DF6C7E999AE /* DesktopConnectionTests.swift in Sources */ = {isa = PBXBuildFile; fileRef = 8588B6236211514C853A854E /* DesktopConnectionTests.swift */; };
		3FCC2BAB559BBA5E47006786 /* WebRTC-LICENSE.txt in Resources */ = {isa = PBXBuildFile; fileRef = CF01DB767B66B848BFDC6F23 /* WebRTC-LICENSE.txt */; };
		4EE661A389FFAA2476AE8610 /* ShareUploadClient.swift in Sources */ = {isa = PBXBuildFile; fileRef = B0392139CB0D1D07FFCE6BF3 /* ShareUploadClient.swift */; };
		4FE5DA7E971115502A5DFAC4 /* HomeShell.swift in Sources */ = {isa = PBXBuildFile; fileRef = 59D1F15A2FE3ED7F705B869B /* HomeShell.swift */; };
		508F38550B9C957D047DA80E /* SwiftTerm in Frameworks */ = {isa = PBXBuildFile; productRef = 543A0618A69C949C6999066D /* SwiftTerm */; };
		515FB63F31617B99E91C8640 /* Assets.xcassets in Resources */ = {isa = PBXBuildFile; fileRef = F57C5E3102CDA0F1D7D34F07 /* Assets.xcassets */; };
		518F7995AA9B2F664854CA05 /* ToolActivityView.swift in Sources */ = {isa = PBXBuildFile; fileRef = 5A383D576B75B1EDD141E984 /* ToolActivityView.swift */; };
		523A73C8F1AF9A4564E9EBEE /* HighlightSwift-LICENSE.txt in Resources */ = {isa = PBXBuildFile; fileRef = 7864ED187AF7EDC9ADED41FD /* HighlightSwift-LICENSE.txt */; };
		534A8C50F8BF86D453843D74 /* Localization.swift in Sources */ = {isa = PBXBuildFile; fileRef = 3A7C71552284738F50996FEC /* Localization.swift */; };
		53FE6FD34AA05A006D1C07CE /* Theme.swift in Sources */ = {isa = PBXBuildFile; fileRef = 291B489866E3307D03F63279 /* Theme.swift */; };
		5A6A9FD600A1A6C53742FA20 /* SharedAccountDirectory.swift in Sources */ = {isa = PBXBuildFile; fileRef = EE8E67E75BEFFCE8E6968260 /* SharedAccountDirectory.swift */; };
		643E9117140729B922DDAD76 /* AppIcon.icon in Resources */ = {isa = PBXBuildFile; fileRef = 3927E41785DE6243E1E1C66F /* AppIcon.icon */; };
		64558162276B92AA1C90FA03 /* AvatarRedirectDelegate.swift in Sources */ = {isa = PBXBuildFile; fileRef = BF5022B14ED479BB1AA9180C /* AvatarRedirectDelegate.swift */; };
		69B1FB782F7FB15D51236BB7 /* Credentials.swift in Sources */ = {isa = PBXBuildFile; fileRef = DE41EBC6BAE1E4FA802CA267 /* Credentials.swift */; };
		6CD20C578587EF7082CD5FAB /* SchemaEditor.swift in Sources */ = {isa = PBXBuildFile; fileRef = 7715B54E7C67866D62D2C8D5 /* SchemaEditor.swift */; };
		6EA52ED947A4FC849A45884E /* KeychainTests.swift in Sources */ = {isa = PBXBuildFile; fileRef = 504BF36DA5225B38423BB33B /* KeychainTests.swift */; };
		703DA29DA8F3DEED80971453 /* L10n-swift in Frameworks */ = {isa = PBXBuildFile; productRef = E5A8619FDA4F33267B4B5660 /* L10n-swift */; };
		7438EE22B45DBC2E7A4DC94C /* Credentials.swift in Sources */ = {isa = PBXBuildFile; fileRef = DE41EBC6BAE1E4FA802CA267 /* Credentials.swift */; };
		74A077E32C2EF06663FF994A /* OfficialSignInView.swift in Sources */ = {isa = PBXBuildFile; fileRef = BB8D084ACE92A31068EC9AD7 /* OfficialSignInView.swift */; };
		795966488C360C75D4C723A0 /* ManagementViews.swift in Sources */ = {isa = PBXBuildFile; fileRef = 001EC9B1D40E0CE5901CE41D /* ManagementViews.swift */; };
		83D8DC00312F9929426F590F /* APIClient.swift in Sources */ = {isa = PBXBuildFile; fileRef = 78B3CDF65ADC4195AC7FB180 /* APIClient.swift */; };
		87E527B0FAF57A4570B3103F /* DesktopScreen.swift in Sources */ = {isa = PBXBuildFile; fileRef = 3A11C53FEC3D427669CBD1C6 /* DesktopScreen.swift */; };
		8FF01BD49E9AA8FD04D8206D /* ModelCatalog.swift in Sources */ = {isa = PBXBuildFile; fileRef = 840392CAE88CCA653DF07037 /* ModelCatalog.swift */; };
		915225ECBBE6B274B1C52848 /* SharedFiles.swift in Sources */ = {isa = PBXBuildFile; fileRef = 6558D9FCDE7D779F214AE121 /* SharedFiles.swift */; };
		9374492078430E501DEC029B /* SettingsViews.swift in Sources */ = {isa = PBXBuildFile; fileRef = 77AD54B58693DBDD6B393E01 /* SettingsViews.swift */; };
		9A2F96B81134B668272B3CF0 /* ShareTests.swift in Sources */ = {isa = PBXBuildFile; fileRef = 93AA42A0E2423F91E5B0AD01 /* ShareTests.swift */; };
		9A527D44F5B7557F33C95EA8 /* ShareViewController.swift in Sources */ = {isa = PBXBuildFile; fileRef = 5EAC4D5546480C704E831C64 /* ShareViewController.swift */; };
		9AE2C2F439A25EA4F0661249 /* DesktopViewportTests.swift in Sources */ = {isa = PBXBuildFile; fileRef = C06C9E6B2BA46540DDE3FA6B /* DesktopViewportTests.swift */; };
		9AF90E82E36B4DDA130501D5 /* MemoryGraphView.swift in Sources */ = {isa = PBXBuildFile; fileRef = 207E03B5932E08062598338C /* MemoryGraphView.swift */; };
		9E2CDE795FB335F3F805B846 /* AccountVault.swift in Sources */ = {isa = PBXBuildFile; fileRef = 07424F601A3D77CB3B3AFF32 /* AccountVault.swift */; };
		A064042F7A33ADFC45CE130F /* DesktopPictureInPicture.swift in Sources */ = {isa = PBXBuildFile; fileRef = 56FE608C033FCC97D400902B /* DesktopPictureInPicture.swift */; };
		A3A34CFB285D40165E8F2CA4 /* ChatWorkspacePane.swift in Sources */ = {isa = PBXBuildFile; fileRef = AA0BEAE035121CCEC806467E /* ChatWorkspacePane.swift */; };
		A817110DF8B43412DB61B1E7 /* PresentationTests.swift in Sources */ = {isa = PBXBuildFile; fileRef = 460BD52654EAEAB3BAF0DA7B /* PresentationTests.swift */; };
		A82CD37AD86ACE835D948579 /* HighlightSwift in Frameworks */ = {isa = PBXBuildFile; productRef = 7EEBB9CBEB668E7A55841D61 /* HighlightSwift */; };
		A8CBF9103C61AEC802DA2E81 /* ModelsView.swift in Sources */ = {isa = PBXBuildFile; fileRef = 5C7D5C230806B61B7D7E5228 /* ModelsView.swift */; };
		AA2DFB76BFA7415472EE5375 /* L10n-swift in Frameworks */ = {isa = PBXBuildFile; productRef = 6E93DC2DD9CBB76177797FC0 /* L10n-swift */; };
		ABF2C757034EB510869F6E8D /* ShareUploadClient.swift in Sources */ = {isa = PBXBuildFile; fileRef = B0392139CB0D1D07FFCE6BF3 /* ShareUploadClient.swift */; };
		AD7343B478C7A14DA5B74B61 /* JSONValue.swift in Sources */ = {isa = PBXBuildFile; fileRef = E5B6B2276973DB8FBEF91974 /* JSONValue.swift */; };
		AE005B9F0160F75479DA23D0 /* highlight.js-LICENSE.txt in Resources */ = {isa = PBXBuildFile; fileRef = 15FC07704E33E3427D047DE7 /* highlight.js-LICENSE.txt */; };
		AEBCB589028D406382442D6C /* DemoServer.swift in Sources */ = {isa = PBXBuildFile; fileRef = 668A89799CE92B8FA80AF582 /* DemoServer.swift */; };
		AF75FE3C7140CDDDB61CEEF6 /* CodeBlockView.swift in Sources */ = {isa = PBXBuildFile; fileRef = 6BB2DA5026AF1C34286EBFB3 /* CodeBlockView.swift */; };
		B3F8C1370DFBC483CB190B72 /* ChatQueueView.swift in Sources */ = {isa = PBXBuildFile; fileRef = 5E7B294339C223649ADBE544 /* ChatQueueView.swift */; };
		BF799F0F204FFFAEDEACDC85 /* DebugDiagnostics.swift in Sources */ = {isa = PBXBuildFile; fileRef = 688CDEBC41B1F34DFB0D50A9 /* DebugDiagnostics.swift */; };
		C1ECECF823784E4B494754EF /* RFBClient.swift in Sources */ = {isa = PBXBuildFile; fileRef = B74B705A557D68403928BCF9 /* RFBClient.swift */; };
		C4929286A33FEBA723D5B241 /* AGPL-3.0.txt in Resources */ = {isa = PBXBuildFile; fileRef = F10AF841D27DCFFA1401C958 /* AGPL-3.0.txt */; };
		C88462814207EE5DDC483E03 /* WebRTC in Frameworks */ = {isa = PBXBuildFile; productRef = 50BD593C60F7E2D0C727C104 /* WebRTC */; };
		C9B04CE4669D73869CD74BE1 /* PrivacyInfo.xcprivacy in Resources */ = {isa = PBXBuildFile; fileRef = 3028BE1450525B84DE65C339 /* PrivacyInfo.xcprivacy */; };
		CC04FBAD27E12AC9FC668A07 /* CodeFormattingTests.swift in Sources */ = {isa = PBXBuildFile; fileRef = 17FC902DC15E9038234833DC /* CodeFormattingTests.swift */; };
		CE17F2A0A08A39E71CD262FF /* FriendlyFormControls.swift in Sources */ = {isa = PBXBuildFile; fileRef = 25F0D0EA0C17252C61DBF594 /* FriendlyFormControls.swift */; };
		CE4768FA889B81B84F207E83 /* VoiceRecorder.swift in Sources */ = {isa = PBXBuildFile; fileRef = 9CFA5BAAB1EBE3520892B44A /* VoiceRecorder.swift */; };
		CFFED781A09A0420992927DF /* ScheduleEditor.swift in Sources */ = {isa = PBXBuildFile; fileRef = 762D9F4D26BECD7FD0D7D3CA /* ScheduleEditor.swift */; };
		D0BD005070B917AA66C43B8B /* OfficialSession.swift in Sources */ = {isa = PBXBuildFile; fileRef = 694EAE315F5E62357B1EC8D8 /* OfficialSession.swift */; };
		DB008DA9FAB10E27A4C0AFD9 /* TerminalScreen.swift in Sources */ = {isa = PBXBuildFile; fileRef = 656A5D7AF9D5F2549BB2AEBB /* TerminalScreen.swift */; };
		DB597EB906F31F3C73639454 /* HomemShare.appex in Embed Foundation Extensions */ = {isa = PBXBuildFile; fileRef = 4A807D473143986BBCD7B862 /* HomemShare.appex */; settings = {ATTRIBUTES = (RemoveHeadersOnCopy, ); }; };
		DDB441534C2FA99D8803FADE /* OfficialLogin.swift in Sources */ = {isa = PBXBuildFile; fileRef = E0D2E0EC96C66BBD0D42E0AB /* OfficialLogin.swift */; };
		E79461B7E4CB149F3180D255 /* OfficialSession.swift in Sources */ = {isa = PBXBuildFile; fileRef = 694EAE315F5E62357B1EC8D8 /* OfficialSession.swift */; };
		E820D4DA6A65C882C68EC03D /* ChatQueue.swift in Sources */ = {isa = PBXBuildFile; fileRef = 48D0F41A29A1B78C6B0C8C44 /* ChatQueue.swift */; };
		E978A85CE77F8E8DAE29D38E /* SharedFiles.swift in Sources */ = {isa = PBXBuildFile; fileRef = 6558D9FCDE7D779F214AE121 /* SharedFiles.swift */; };
		EB9A4864386B065A62038580 /* RFBClientTests.swift in Sources */ = {isa = PBXBuildFile; fileRef = 7692BAD5ED20408C3ABF6B39 /* RFBClientTests.swift */; };
		ED7EFEA3B0330BDD09B12067 /* DesktopReadiness.swift in Sources */ = {isa = PBXBuildFile; fileRef = AF0A642446D2F972945BF9C0 /* DesktopReadiness.swift */; };
		EFD9076E8BF3188CCBDBCCA9 /* ResourceFormField.swift in Sources */ = {isa = PBXBuildFile; fileRef = 86AD19C58E8328C35AD42D54 /* ResourceFormField.swift */; };
		EFEB1FF9FAB93DA57B6A10D3 /* JSONValue.swift in Sources */ = {isa = PBXBuildFile; fileRef = E5B6B2276973DB8FBEF91974 /* JSONValue.swift */; };
		F13F0A58C4AD5C3BD6214F89 /* DesktopViewport.swift in Sources */ = {isa = PBXBuildFile; fileRef = D78ABB01D81D27F938583B5F /* DesktopViewport.swift */; };
		F209A47CEA848CC0EE547F2E /* HomemApp.swift in Sources */ = {isa = PBXBuildFile; fileRef = ED74473131175E61DA7E3512 /* HomemApp.swift */; };
		FBA989A4777BB1EAEB6F3874 /* THIRD_PARTY_NOTICES.txt in Resources */ = {isa = PBXBuildFile; fileRef = 760B838F03A02A7D4B9E97FA /* THIRD_PARTY_NOTICES.txt */; };
		FC292C9BFCD110C180C71044 /* ModelCatalogTests.swift in Sources */ = {isa = PBXBuildFile; fileRef = A763A4B07DE78842DBC8F01D /* ModelCatalogTests.swift */; };
		FC2E857D1762A2B65D62423F /* Localizable.xcstrings in Resources */ = {isa = PBXBuildFile; fileRef = 15E46FA0207FBBC84DEFE9CA /* Localizable.xcstrings */; };
		FD9C3949EFC44D8817D37F72 /* TokenUsageTests.swift in Sources */ = {isa = PBXBuildFile; fileRef = 0EA8358E70B619638C910451 /* TokenUsageTests.swift */; };
/* End PBXBuildFile section */

/* Begin PBXContainerItemProxy section */
		3A96BEF5370F20FCC126FE74 /* PBXContainerItemProxy */ = {
			isa = PBXContainerItemProxy;
			containerPortal = 391747BDFE63C927481E5E6D /* Project object */;
			proxyType = 1;
			remoteGlobalIDString = 07081692DCD65CDD15621678;
			remoteInfo = Homem;
		};
		5391BED76490B8CFA91BDE59 /* PBXContainerItemProxy */ = {
			isa = PBXContainerItemProxy;
			containerPortal = 391747BDFE63C927481E5E6D /* Project object */;
			proxyType = 1;
			remoteGlobalIDString = DABF90DB66794B748A46F1B1;
			remoteInfo = HomemShare;
		};
		D2A8CFB0E8C71B9687D5CA7E /* PBXContainerItemProxy */ = {
			isa = PBXContainerItemProxy;
			containerPortal = 391747BDFE63C927481E5E6D /* Project object */;
			proxyType = 1;
			remoteGlobalIDString = 07081692DCD65CDD15621678;
			remoteInfo = Homem;
		};
/* End PBXContainerItemProxy section */

/* Begin PBXCopyFilesBuildPhase section */
		16C628BCF6CFE8A87A877797 /* Embed Foundation Extensions */ = {
			isa = PBXCopyFilesBuildPhase;
			buildActionMask = 2147483647;
			dstPath = "";
			dstSubfolderSpec = 13;
			files = (
				DB597EB906F31F3C73639454 /* HomemShare.appex in Embed Foundation Extensions */,
			);
			name = "Embed Foundation Extensions";
			runOnlyForDeploymentPostprocessing = 0;
		};
/* End PBXCopyFilesBuildPhase section */

/* Begin PBXFileReference section */
		001EC9B1D40E0CE5901CE41D /* ManagementViews.swift */ = {isa = PBXFileReference; lastKnownFileType = sourcecode.swift; path = ManagementViews.swift; sourceTree = "<group>"; };
		07424F601A3D77CB3B3AFF32 /* AccountVault.swift */ = {isa = PBXFileReference; lastKnownFileType = sourcecode.swift; path = AccountVault.swift; sourceTree = "<group>"; };
		0B4666035F8E5076BC7244CA /* DesktopPictureInPictureTests.swift */ = {isa = PBXFileReference; lastKnownFileType = sourcecode.swift; path = DesktopPictureInPictureTests.swift; sourceTree = "<group>"; };
		0EA8358E70B619638C910451 /* TokenUsageTests.swift */ = {isa = PBXFileReference; lastKnownFileType = sourcecode.swift; path = TokenUsageTests.swift; sourceTree = "<group>"; };
		15E46FA0207FBBC84DEFE9CA /* Localizable.xcstrings */ = {isa = PBXFileReference; lastKnownFileType = text.json.xcstrings; path = Localizable.xcstrings; sourceTree = "<group>"; };
		15FC07704E33E3427D047DE7 /* highlight.js-LICENSE.txt */ = {isa = PBXFileReference; lastKnownFileType = text; path = "highlight.js-LICENSE.txt"; sourceTree = "<group>"; };
		17FC902DC15E9038234833DC /* CodeFormattingTests.swift */ = {isa = PBXFileReference; lastKnownFileType = sourcecode.swift; path = CodeFormattingTests.swift; sourceTree = "<group>"; };
		207E03B5932E08062598338C /* MemoryGraphView.swift */ = {isa = PBXFileReference; lastKnownFileType = sourcecode.swift; path = MemoryGraphView.swift; sourceTree = "<group>"; };
		20D4E505D6E2AE02A980EABB /* AuthorizationView.swift */ = {isa = PBXFileReference; lastKnownFileType = sourcecode.swift; path = AuthorizationView.swift; sourceTree = "<group>"; };
		25F0D0EA0C17252C61DBF594 /* FriendlyFormControls.swift */ = {isa = PBXFileReference; lastKnownFileType = sourcecode.swift; path = FriendlyFormControls.swift; sourceTree = "<group>"; };
		28E6A68B0E9C9B53B7FE4137 /* HomemShare.entitlements */ = {isa = PBXFileReference; lastKnownFileType = text.plist.entitlements; path = HomemShare.entitlements; sourceTree = "<group>"; };
		291B489866E3307D03F63279 /* Theme.swift */ = {isa = PBXFileReference; lastKnownFileType = sourcecode.swift; path = Theme.swift; sourceTree = "<group>"; };
		3028BE1450525B84DE65C339 /* PrivacyInfo.xcprivacy */ = {isa = PBXFileReference; path = PrivacyInfo.xcprivacy; sourceTree = "<group>"; };
		35B74DD4C0B4B7C4F3884D38 /* ResourceViews.swift */ = {isa = PBXFileReference; lastKnownFileType = sourcecode.swift; path = ResourceViews.swift; sourceTree = "<group>"; };
		38C7A8C7C6DA5729688BCF19 /* CodeFormatting.swift */ = {isa = PBXFileReference; lastKnownFileType = sourcecode.swift; path = CodeFormatting.swift; sourceTree = "<group>"; };
		3927E41785DE6243E1E1C66F /* AppIcon.icon */ = {isa = PBXFileReference; lastKnownFileType = wrapper.icon; path = AppIcon.icon; sourceTree = "<group>"; };
		3A11C53FEC3D427669CBD1C6 /* DesktopScreen.swift */ = {isa = PBXFileReference; lastKnownFileType = sourcecode.swift; path = DesktopScreen.swift; sourceTree = "<group>"; };
		3A7C71552284738F50996FEC /* Localization.swift */ = {isa = PBXFileReference; lastKnownFileType = sourcecode.swift; path = Localization.swift; sourceTree = "<group>"; };
		42A7661B5A1EEAA504867C15 /* HomemUITests.xctest */ = {isa = PBXFileReference; includeInIndex = 0; lastKnownFileType = wrapper.cfbundle; path = HomemUITests.xctest; sourceTree = BUILT_PRODUCTS_DIR; };
		460BD52654EAEAB3BAF0DA7B /* PresentationTests.swift */ = {isa = PBXFileReference; lastKnownFileType = sourcecode.swift; path = PresentationTests.swift; sourceTree = "<group>"; };
		46D9E8284A2840578CE68D8C /* Info.plist */ = {isa = PBXFileReference; lastKnownFileType = text.plist; path = Info.plist; sourceTree = "<group>"; };
		48D0F41A29A1B78C6B0C8C44 /* ChatQueue.swift */ = {isa = PBXFileReference; lastKnownFileType = sourcecode.swift; path = ChatQueue.swift; sourceTree = "<group>"; };
		4A807D473143986BBCD7B862 /* HomemShare.appex */ = {isa = PBXFileReference; includeInIndex = 0; lastKnownFileType = "wrapper.app-extension"; path = HomemShare.appex; sourceTree = BUILT_PRODUCTS_DIR; };
		504BF36DA5225B38423BB33B /* KeychainTests.swift */ = {isa = PBXFileReference; lastKnownFileType = sourcecode.swift; path = KeychainTests.swift; sourceTree = "<group>"; };
		51CC08F87EE3F450EECB44C6 /* ConnectionView.swift */ = {isa = PBXFileReference; lastKnownFileType = sourcecode.swift; path = ConnectionView.swift; sourceTree = "<group>"; };
		534BFEE86E03D12C6A1BB4F6 /* ChatRuntime.swift */ = {isa = PBXFileReference; lastKnownFileType = sourcecode.swift; path = ChatRuntime.swift; sourceTree = "<group>"; };
		56FE608C033FCC97D400902B /* DesktopPictureInPicture.swift */ = {isa = PBXFileReference; lastKnownFileType = sourcecode.swift; path = DesktopPictureInPicture.swift; sourceTree = "<group>"; };
		58FE24381BEAAF94F9E470AD /* CoreTests.swift */ = {isa = PBXFileReference; lastKnownFileType = sourcecode.swift; path = CoreTests.swift; sourceTree = "<group>"; };
		59D1F15A2FE3ED7F705B869B /* HomeShell.swift */ = {isa = PBXFileReference; lastKnownFileType = sourcecode.swift; path = HomeShell.swift; sourceTree = "<group>"; };
		5A383D576B75B1EDD141E984 /* ToolActivityView.swift */ = {isa = PBXFileReference; lastKnownFileType = sourcecode.swift; path = ToolActivityView.swift; sourceTree = "<group>"; };
		5B723DB07120BB218AEA9300 /* NewConversationView.swift */ = {isa = PBXFileReference; lastKnownFileType = sourcecode.swift; path = NewConversationView.swift; sourceTree = "<group>"; };
		5C7D5C230806B61B7D7E5228 /* ModelsView.swift */ = {isa = PBXFileReference; lastKnownFileType = sourcecode.swift; path = ModelsView.swift; sourceTree = "<group>"; };
		5E7B294339C223649ADBE544 /* ChatQueueView.swift */ = {isa = PBXFileReference; lastKnownFileType = sourcecode.swift; path = ChatQueueView.swift; sourceTree = "<group>"; };
		5EAC4D5546480C704E831C64 /* ShareViewController.swift */ = {isa = PBXFileReference; lastKnownFileType = sourcecode.swift; path = ShareViewController.swift; sourceTree = "<group>"; };
		6558D9FCDE7D779F214AE121 /* SharedFiles.swift */ = {isa = PBXFileReference; lastKnownFileType = sourcecode.swift; path = SharedFiles.swift; sourceTree = "<group>"; };
		656A5D7AF9D5F2549BB2AEBB /* TerminalScreen.swift */ = {isa = PBXFileReference; lastKnownFileType = sourcecode.swift; path = TerminalScreen.swift; sourceTree = "<group>"; };
		65E9588DE604088A2FDF817C /* AgentViews.swift */ = {isa = PBXFileReference; lastKnownFileType = sourcecode.swift; path = AgentViews.swift; sourceTree = "<group>"; };
		668A89799CE92B8FA80AF582 /* DemoServer.swift */ = {isa = PBXFileReference; lastKnownFileType = sourcecode.swift; path = DemoServer.swift; sourceTree = "<group>"; };
		688CDEBC41B1F34DFB0D50A9 /* DebugDiagnostics.swift */ = {isa = PBXFileReference; lastKnownFileType = sourcecode.swift; path = DebugDiagnostics.swift; sourceTree = "<group>"; };
		694EAE315F5E62357B1EC8D8 /* OfficialSession.swift */ = {isa = PBXFileReference; lastKnownFileType = sourcecode.swift; path = OfficialSession.swift; sourceTree = "<group>"; };
		6BB2DA5026AF1C34286EBFB3 /* CodeBlockView.swift */ = {isa = PBXFileReference; lastKnownFileType = sourcecode.swift; path = CodeBlockView.swift; sourceTree = "<group>"; };
		6C4A17048FA3998EA4C7A2FE /* OfficialLoginTests.swift */ = {isa = PBXFileReference; lastKnownFileType = sourcecode.swift; path = OfficialLoginTests.swift; sourceTree = "<group>"; };
		760B838F03A02A7D4B9E97FA /* THIRD_PARTY_NOTICES.txt */ = {isa = PBXFileReference; lastKnownFileType = text; path = THIRD_PARTY_NOTICES.txt; sourceTree = "<group>"; };
		762D9F4D26BECD7FD0D7D3CA /* ScheduleEditor.swift */ = {isa = PBXFileReference; lastKnownFileType = sourcecode.swift; path = ScheduleEditor.swift; sourceTree = "<group>"; };
		7692BAD5ED20408C3ABF6B39 /* RFBClientTests.swift */ = {isa = PBXFileReference; lastKnownFileType = sourcecode.swift; path = RFBClientTests.swift; sourceTree = "<group>"; };
		7715B54E7C67866D62D2C8D5 /* SchemaEditor.swift */ = {isa = PBXFileReference; lastKnownFileType = sourcecode.swift; path = SchemaEditor.swift; sourceTree = "<group>"; };
		77AD54B58693DBDD6B393E01 /* SettingsViews.swift */ = {isa = PBXFileReference; lastKnownFileType = sourcecode.swift; path = SettingsViews.swift; sourceTree = "<group>"; };
		7864ED187AF7EDC9ADED41FD /* HighlightSwift-LICENSE.txt */ = {isa = PBXFileReference; lastKnownFileType = text; path = "HighlightSwift-LICENSE.txt"; sourceTree = "<group>"; };
		78B3CDF65ADC4195AC7FB180 /* APIClient.swift */ = {isa = PBXFileReference; lastKnownFileType = sourcecode.swift; path = APIClient.swift; sourceTree = "<group>"; };
		7AAAB7846C0205C87596C365 /* WorkspaceViews.swift */ = {isa = PBXFileReference; lastKnownFileType = sourcecode.swift; path = WorkspaceViews.swift; sourceTree = "<group>"; };
		7D7D835F11404DC04AD2723A /* L10n-swift-LICENSE.txt */ = {isa = PBXFileReference; lastKnownFileType = text; path = "L10n-swift-LICENSE.txt"; sourceTree = "<group>"; };
		816B965F696974E260071CAA /* Homem.app */ = {isa = PBXFileReference; includeInIndex = 0; lastKnownFileType = wrapper.application; path = Homem.app; sourceTree = BUILT_PRODUCTS_DIR; };
		83AFEF7E268AC2F5ABCA125B /* ChatViews.swift */ = {isa = PBXFileReference; lastKnownFileType = sourcecode.swift; path = ChatViews.swift; sourceTree = "<group>"; };
		840392CAE88CCA653DF07037 /* ModelCatalog.swift */ = {isa = PBXFileReference; lastKnownFileType = sourcecode.swift; path = ModelCatalog.swift; sourceTree = "<group>"; };
		8588B6236211514C853A854E /* DesktopConnectionTests.swift */ = {isa = PBXFileReference; lastKnownFileType = sourcecode.swift; path = DesktopConnectionTests.swift; sourceTree = "<group>"; };
		86AD19C58E8328C35AD42D54 /* ResourceFormField.swift */ = {isa = PBXFileReference; lastKnownFileType = sourcecode.swift; path = ResourceFormField.swift; sourceTree = "<group>"; };
		8A27814A97C8F01247F153F9 /* SchemaCatalog.swift */ = {isa = PBXFileReference; lastKnownFileType = sourcecode.swift; path = SchemaCatalog.swift; sourceTree = "<group>"; };
		8F365A0DBEC7B8577564B35E /* InfoPlist.xcstrings */ = {isa = PBXFileReference; lastKnownFileType = text.json.xcstrings; path = InfoPlist.xcstrings; sourceTree = "<group>"; };
		93AA42A0E2423F91E5B0AD01 /* ShareTests.swift */ = {isa = PBXFileReference; lastKnownFileType = sourcecode.swift; path = ShareTests.swift; sourceTree = "<group>"; };
		99BD38F6B72C4052076BB7C3 /* TokenUsageView.swift */ = {isa = PBXFileReference; lastKnownFileType = sourcecode.swift; path = TokenUsageView.swift; sourceTree = "<group>"; };
		9CFA5BAAB1EBE3520892B44A /* VoiceRecorder.swift */ = {isa = PBXFileReference; lastKnownFileType = sourcecode.swift; path = VoiceRecorder.swift; sourceTree = "<group>"; };
		A00992967774922E387E64C1 /* memoh-openapi.json */ = {isa = PBXFileReference; lastKnownFileType = text.json; path = "memoh-openapi.json"; sourceTree = "<group>"; };
		A28DADE91BEAC740FA749143 /* AppStore.swift */ = {isa = PBXFileReference; lastKnownFileType = sourcecode.swift; path = AppStore.swift; sourceTree = "<group>"; };
		A763A4B07DE78842DBC8F01D /* ModelCatalogTests.swift */ = {isa = PBXFileReference; lastKnownFileType = sourcecode.swift; path = ModelCatalogTests.swift; sourceTree = "<group>"; };
		AA0BEAE035121CCEC806467E /* ChatWorkspacePane.swift */ = {isa = PBXFileReference; lastKnownFileType = sourcecode.swift; path = ChatWorkspacePane.swift; sourceTree = "<group>"; };
		ABA5899BCBC10196FA429E99 /* SwiftTerm-LICENSE.txt */ = {isa = PBXFileReference; lastKnownFileType = text; path = "SwiftTerm-LICENSE.txt"; sourceTree = "<group>"; };
		AF0A642446D2F972945BF9C0 /* DesktopReadiness.swift */ = {isa = PBXFileReference; lastKnownFileType = sourcecode.swift; path = DesktopReadiness.swift; sourceTree = "<group>"; };
		B0392139CB0D1D07FFCE6BF3 /* ShareUploadClient.swift */ = {isa = PBXFileReference; lastKnownFileType = sourcecode.swift; path = ShareUploadClient.swift; sourceTree = "<group>"; };
		B74B705A557D68403928BCF9 /* RFBClient.swift */ = {isa = PBXFileReference; lastKnownFileType = sourcecode.swift; path = RFBClient.swift; sourceTree = "<group>"; };
		BB8D084ACE92A31068EC9AD7 /* OfficialSignInView.swift */ = {isa = PBXFileReference; lastKnownFileType = sourcecode.swift; path = OfficialSignInView.swift; sourceTree = "<group>"; };
		BF5022B14ED479BB1AA9180C /* AvatarRedirectDelegate.swift */ = {isa = PBXFileReference; lastKnownFileType = sourcecode.swift; path = AvatarRedirectDelegate.swift; sourceTree = "<group>"; };
		C06C9E6B2BA46540DDE3FA6B /* DesktopViewportTests.swift */ = {isa = PBXFileReference; lastKnownFileType = sourcecode.swift; path = DesktopViewportTests.swift; sourceTree = "<group>"; };
		CF01DB767B66B848BFDC6F23 /* WebRTC-LICENSE.txt */ = {isa = PBXFileReference; lastKnownFileType = text; path = "WebRTC-LICENSE.txt"; sourceTree = "<group>"; };
		D78ABB01D81D27F938583B5F /* DesktopViewport.swift */ = {isa = PBXFileReference; lastKnownFileType = sourcecode.swift; path = DesktopViewport.swift; sourceTree = "<group>"; };
		DE41EBC6BAE1E4FA802CA267 /* Credentials.swift */ = {isa = PBXFileReference; lastKnownFileType = sourcecode.swift; path = Credentials.swift; sourceTree = "<group>"; };
		E0D2E0EC96C66BBD0D42E0AB /* OfficialLogin.swift */ = {isa = PBXFileReference; lastKnownFileType = sourcecode.swift; path = OfficialLogin.swift; sourceTree = "<group>"; };
		E1748C40EF02FEAE050C734A /* HomemTests.xctest */ = {isa = PBXFileReference; includeInIndex = 0; lastKnownFileType = wrapper.cfbundle; path = HomemTests.xctest; sourceTree = BUILT_PRODUCTS_DIR; };
		E5B6B2276973DB8FBEF91974 /* JSONValue.swift */ = {isa = PBXFileReference; lastKnownFileType = sourcecode.swift; path = JSONValue.swift; sourceTree = "<group>"; };
		ED74473131175E61DA7E3512 /* HomemApp.swift */ = {isa = PBXFileReference; lastKnownFileType = sourcecode.swift; path = HomemApp.swift; sourceTree = "<group>"; };
		EE8E67E75BEFFCE8E6968260 /* SharedAccountDirectory.swift */ = {isa = PBXFileReference; lastKnownFileType = sourcecode.swift; path = SharedAccountDirectory.swift; sourceTree = "<group>"; };
		F0EAE6C709AFD0F1A8B020C0 /* IntegrationTests.swift */ = {isa = PBXFileReference; lastKnownFileType = sourcecode.swift; path = IntegrationTests.swift; sourceTree = "<group>"; };
		F10AF841D27DCFFA1401C958 /* AGPL-3.0.txt */ = {isa = PBXFileReference; lastKnownFileType = text; path = "AGPL-3.0.txt"; sourceTree = "<group>"; };
		F25761A3DFEE5F918344FD8F /* Homem.entitlements */ = {isa = PBXFileReference; lastKnownFileType = text.plist.entitlements; path = Homem.entitlements; sourceTree = "<group>"; };
		F57C5E3102CDA0F1D7D34F07 /* Assets.xcassets */ = {isa = PBXFileReference; lastKnownFileType = folder.assetcatalog; path = Assets.xcassets; sourceTree = "<group>"; };
		FA1C464B99E3851A66AD99C3 /* HomemUITests.swift */ = {isa = PBXFileReference; lastKnownFileType = sourcecode.swift; path = HomemUITests.swift; sourceTree = "<group>"; };
		FBA1A3311FC08B682CBF1F9F /* Info.plist */ = {isa = PBXFileReference; lastKnownFileType = text.plist; path = Info.plist; sourceTree = "<group>"; };
		FD40AFB375812C5EECDC6933 /* ChatQueueTests.swift */ = {isa = PBXFileReference; lastKnownFileType = sourcecode.swift; path = ChatQueueTests.swift; sourceTree = "<group>"; };
/* End PBXFileReference section */

/* Begin PBXFrameworksBuildPhase section */
		1AF174C042CD002F6896AA8A /* Frameworks */ = {
			isa = PBXFrameworksBuildPhase;
			buildActionMask = 2147483647;
			files = (
				703DA29DA8F3DEED80971453 /* L10n-swift in Frameworks */,
			);
			runOnlyForDeploymentPostprocessing = 0;
		};
		897157AC2DDCDB0F43830350 /* Frameworks */ = {
			isa = PBXFrameworksBuildPhase;
			buildActionMask = 2147483647;
			files = (
				A82CD37AD86ACE835D948579 /* HighlightSwift in Frameworks */,
				AA2DFB76BFA7415472EE5375 /* L10n-swift in Frameworks */,
				508F38550B9C957D047DA80E /* SwiftTerm in Frameworks */,
				C88462814207EE5DDC483E03 /* WebRTC in Frameworks */,
			);
			runOnlyForDeploymentPostprocessing = 0;
		};
/* End PBXFrameworksBuildPhase section */

/* Begin PBXGroup section */
		0965BD7BA2CDD3B4773BF71D /* Resources */ = {
			isa = PBXGroup;
			children = (
				F10AF841D27DCFFA1401C958 /* AGPL-3.0.txt */,
				3927E41785DE6243E1E1C66F /* AppIcon.icon */,
				F57C5E3102CDA0F1D7D34F07 /* Assets.xcassets */,
				15FC07704E33E3427D047DE7 /* highlight.js-LICENSE.txt */,
				7864ED187AF7EDC9ADED41FD /* HighlightSwift-LICENSE.txt */,
				8F365A0DBEC7B8577564B35E /* InfoPlist.xcstrings */,
				7D7D835F11404DC04AD2723A /* L10n-swift-LICENSE.txt */,
				15E46FA0207FBBC84DEFE9CA /* Localizable.xcstrings */,
				A00992967774922E387E64C1 /* memoh-openapi.json */,
				3028BE1450525B84DE65C339 /* PrivacyInfo.xcprivacy */,
				ABA5899BCBC10196FA429E99 /* SwiftTerm-LICENSE.txt */,
				760B838F03A02A7D4B9E97FA /* THIRD_PARTY_NOTICES.txt */,
				CF01DB767B66B848BFDC6F23 /* WebRTC-LICENSE.txt */,
			);
			path = Resources;
			sourceTree = "<group>";
		};
		14D53C30904ABA8217F5A122 /* App */ = {
			isa = PBXGroup;
			children = (
				51CC08F87EE3F450EECB44C6 /* ConnectionView.swift */,
				ED74473131175E61DA7E3512 /* HomemApp.swift */,
				59D1F15A2FE3ED7F705B869B /* HomeShell.swift */,
				BB8D084ACE92A31068EC9AD7 /* OfficialSignInView.swift */,
				291B489866E3307D03F63279 /* Theme.swift */,
			);
			path = App;
			sourceTree = "<group>";
		};
		1F21C835112CAB9F91B7613E /* HomemTests */ = {
			isa = PBXGroup;
			children = (
				FD40AFB375812C5EECDC6933 /* ChatQueueTests.swift */,
				17FC902DC15E9038234833DC /* CodeFormattingTests.swift */,
				58FE24381BEAAF94F9E470AD /* CoreTests.swift */,
				8588B6236211514C853A854E /* DesktopConnectionTests.swift */,
				0B4666035F8E5076BC7244CA /* DesktopPictureInPictureTests.swift */,
				C06C9E6B2BA46540DDE3FA6B /* DesktopViewportTests.swift */,
				F0EAE6C709AFD0F1A8B020C0 /* IntegrationTests.swift */,
				504BF36DA5225B38423BB33B /* KeychainTests.swift */,
				A763A4B07DE78842DBC8F01D /* ModelCatalogTests.swift */,
				6C4A17048FA3998EA4C7A2FE /* OfficialLoginTests.swift */,
				460BD52654EAEAB3BAF0DA7B /* PresentationTests.swift */,
				7692BAD5ED20408C3ABF6B39 /* RFBClientTests.swift */,
				93AA42A0E2423F91E5B0AD01 /* ShareTests.swift */,
				0EA8358E70B619638C910451 /* TokenUsageTests.swift */,
			);
			path = HomemTests;
			sourceTree = "<group>";
		};
		1FD4BE5AD3A3BAAB1A66E0C0 /* HomemShare */ = {
			isa = PBXGroup;
			children = (
				28E6A68B0E9C9B53B7FE4137 /* HomemShare.entitlements */,
				FBA1A3311FC08B682CBF1F9F /* Info.plist */,
				5EAC4D5546480C704E831C64 /* ShareViewController.swift */,
			);
			path = HomemShare;
			sourceTree = "<group>";
		};
		6107DBB15B275F4116251BEE /* Features */ = {
			isa = PBXGroup;
			children = (
				65E9588DE604088A2FDF817C /* AgentViews.swift */,
				20D4E505D6E2AE02A980EABB /* AuthorizationView.swift */,
				5E7B294339C223649ADBE544 /* ChatQueueView.swift */,
				83AFEF7E268AC2F5ABCA125B /* ChatViews.swift */,
				AA0BEAE035121CCEC806467E /* ChatWorkspacePane.swift */,
				6BB2DA5026AF1C34286EBFB3 /* CodeBlockView.swift */,
				56FE608C033FCC97D400902B /* DesktopPictureInPicture.swift */,
				3A11C53FEC3D427669CBD1C6 /* DesktopScreen.swift */,
				D78ABB01D81D27F938583B5F /* DesktopViewport.swift */,
				25F0D0EA0C17252C61DBF594 /* FriendlyFormControls.swift */,
				001EC9B1D40E0CE5901CE41D /* ManagementViews.swift */,
				207E03B5932E08062598338C /* MemoryGraphView.swift */,
				5C7D5C230806B61B7D7E5228 /* ModelsView.swift */,
				5B723DB07120BB218AEA9300 /* NewConversationView.swift */,
				86AD19C58E8328C35AD42D54 /* ResourceFormField.swift */,
				35B74DD4C0B4B7C4F3884D38 /* ResourceViews.swift */,
				762D9F4D26BECD7FD0D7D3CA /* ScheduleEditor.swift */,
				7715B54E7C67866D62D2C8D5 /* SchemaEditor.swift */,
				77AD54B58693DBDD6B393E01 /* SettingsViews.swift */,
				656A5D7AF9D5F2549BB2AEBB /* TerminalScreen.swift */,
				99BD38F6B72C4052076BB7C3 /* TokenUsageView.swift */,
				5A383D576B75B1EDD141E984 /* ToolActivityView.swift */,
				7AAAB7846C0205C87596C365 /* WorkspaceViews.swift */,
			);
			path = Features;
			sourceTree = "<group>";
		};
		6B2E4F3C80C32EEFC4FC241B /* Products */ = {
			isa = PBXGroup;
			children = (
				816B965F696974E260071CAA /* Homem.app */,
				4A807D473143986BBCD7B862 /* HomemShare.appex */,
				E1748C40EF02FEAE050C734A /* HomemTests.xctest */,
				42A7661B5A1EEAA504867C15 /* HomemUITests.xctest */,
			);
			name = Products;
			sourceTree = "<group>";
		};
		74AB2E73EDEE7CF784697683 /* Core */ = {
			isa = PBXGroup;
			children = (
				07424F601A3D77CB3B3AFF32 /* AccountVault.swift */,
				78B3CDF65ADC4195AC7FB180 /* APIClient.swift */,
				A28DADE91BEAC740FA749143 /* AppStore.swift */,
				BF5022B14ED479BB1AA9180C /* AvatarRedirectDelegate.swift */,
				48D0F41A29A1B78C6B0C8C44 /* ChatQueue.swift */,
				534BFEE86E03D12C6A1BB4F6 /* ChatRuntime.swift */,
				38C7A8C7C6DA5729688BCF19 /* CodeFormatting.swift */,
				DE41EBC6BAE1E4FA802CA267 /* Credentials.swift */,
				688CDEBC41B1F34DFB0D50A9 /* DebugDiagnostics.swift */,
				668A89799CE92B8FA80AF582 /* DemoServer.swift */,
				AF0A642446D2F972945BF9C0 /* DesktopReadiness.swift */,
				E5B6B2276973DB8FBEF91974 /* JSONValue.swift */,
				3A7C71552284738F50996FEC /* Localization.swift */,
				840392CAE88CCA653DF07037 /* ModelCatalog.swift */,
				E0D2E0EC96C66BBD0D42E0AB /* OfficialLogin.swift */,
				694EAE315F5E62357B1EC8D8 /* OfficialSession.swift */,
				B74B705A557D68403928BCF9 /* RFBClient.swift */,
				8A27814A97C8F01247F153F9 /* SchemaCatalog.swift */,
				EE8E67E75BEFFCE8E6968260 /* SharedAccountDirectory.swift */,
				6558D9FCDE7D779F214AE121 /* SharedFiles.swift */,
				B0392139CB0D1D07FFCE6BF3 /* ShareUploadClient.swift */,
				9CFA5BAAB1EBE3520892B44A /* VoiceRecorder.swift */,
			);
			path = Core;
			sourceTree = "<group>";
		};
		93B795B5C24C0A9112F2B864 /* HomemUITests */ = {
			isa = PBXGroup;
			children = (
				FA1C464B99E3851A66AD99C3 /* HomemUITests.swift */,
			);
			path = HomemUITests;
			sourceTree = "<group>";
		};
		D60748F5F233533D424D74E8 /* Homem */ = {
			isa = PBXGroup;
			children = (
				F25761A3DFEE5F918344FD8F /* Homem.entitlements */,
				46D9E8284A2840578CE68D8C /* Info.plist */,
				14D53C30904ABA8217F5A122 /* App */,
				74AB2E73EDEE7CF784697683 /* Core */,
				6107DBB15B275F4116251BEE /* Features */,
				0965BD7BA2CDD3B4773BF71D /* Resources */,
			);
			path = Homem;
			sourceTree = "<group>";
		};
		E8AC0F0F8955FF0C150FAD9E = {
			isa = PBXGroup;
			children = (
				D60748F5F233533D424D74E8 /* Homem */,
				1FD4BE5AD3A3BAAB1A66E0C0 /* HomemShare */,
				1F21C835112CAB9F91B7613E /* HomemTests */,
				93B795B5C24C0A9112F2B864 /* HomemUITests */,
				6B2E4F3C80C32EEFC4FC241B /* Products */,
			);
			sourceTree = "<group>";
		};
/* End PBXGroup section */

/* Begin PBXNativeTarget section */
		07081692DCD65CDD15621678 /* Homem */ = {
			isa = PBXNativeTarget;
			buildConfigurationList = 4BCBC5821B57AA8B4B987C0F /* Build configuration list for PBXNativeTarget "Homem" */;
			buildPhases = (
				31F00F50915D5D9C60C97867 /* Sources */,
				BA341A1D482F952EE91BD500 /* Resources */,
				897157AC2DDCDB0F43830350 /* Frameworks */,
				16C628BCF6CFE8A87A877797 /* Embed Foundation Extensions */,
			);
			buildRules = (
			);
			dependencies = (
				24FCFA320806CEAC87EEDB38 /* PBXTargetDependency */,
			);
			name = Homem;
			packageProductDependencies = (
				7EEBB9CBEB668E7A55841D61 /* HighlightSwift */,
				6E93DC2DD9CBB76177797FC0 /* L10n-swift */,
				543A0618A69C949C6999066D /* SwiftTerm */,
				50BD593C60F7E2D0C727C104 /* WebRTC */,
			);
			productName = Homem;
			productReference = 816B965F696974E260071CAA /* Homem.app */;
			productType = "com.apple.product-type.application";
		};
		20F5B0BFADD0C88EAE970EC7 /* HomemTests */ = {
			isa = PBXNativeTarget;
			buildConfigurationList = C52873D64E0EFB037A390B4D /* Build configuration list for PBXNativeTarget "HomemTests" */;
			buildPhases = (
				931B62E30FDFE4DAA126C91D /* Sources */,
			);
			buildRules = (
			);
			dependencies = (
				2840FB2C2DF985BD7D3B77BD /* PBXTargetDependency */,
			);
			name = HomemTests;
			packageProductDependencies = (
			);
			productName = HomemTests;
			productReference = E1748C40EF02FEAE050C734A /* HomemTests.xctest */;
			productType = "com.apple.product-type.bundle.unit-test";
		};
		9DFA69DD1A9B939608CF5198 /* HomemUITests */ = {
			isa = PBXNativeTarget;
			buildConfigurationList = A7AEDE3DE37E144F059FDB0F /* Build configuration list for PBXNativeTarget "HomemUITests" */;
			buildPhases = (
				2625EFC9DEDE2FEBD1683632 /* Sources */,
			);
			buildRules = (
			);
			dependencies = (
				3F60ADCCD95C94DFFC9AC5FE /* PBXTargetDependency */,
			);
			name = HomemUITests;
			packageProductDependencies = (
			);
			productName = HomemUITests;
			productReference = 42A7661B5A1EEAA504867C15 /* HomemUITests.xctest */;
			productType = "com.apple.product-type.bundle.ui-testing";
		};
		DABF90DB66794B748A46F1B1 /* HomemShare */ = {
			isa = PBXNativeTarget;
			buildConfigurationList = E42E47D136D7A697F2395045 /* Build configuration list for PBXNativeTarget "HomemShare" */;
			buildPhases = (
				908F22BA89613CD481E06D69 /* Sources */,
				94FD33BF35FBC43CE01B3FB7 /* Resources */,
				1AF174C042CD002F6896AA8A /* Frameworks */,
			);
			buildRules = (
			);
			dependencies = (
			);
			name = HomemShare;
			packageProductDependencies = (
				E5A8619FDA4F33267B4B5660 /* L10n-swift */,
			);
			productName = HomemShare;
			productReference = 4A807D473143986BBCD7B862 /* HomemShare.appex */;
			productType = "com.apple.product-type.app-extension";
		};
/* End PBXNativeTarget section */

/* Begin PBXProject section */
		391747BDFE63C927481E5E6D /* Project object */ = {
			isa = PBXProject;
			attributes = {
				BuildIndependentTargetsInParallel = YES;
				LastUpgradeCheck = 1430;
				TargetAttributes = {
					07081692DCD65CDD15621678 = {
						DevelopmentTeam = 7P8CLHDH5G;
						ProvisioningStyle = Automatic;
					};
					20F5B0BFADD0C88EAE970EC7 = {
						DevelopmentTeam = 7P8CLHDH5G;
						ProvisioningStyle = Automatic;
					};
					9DFA69DD1A9B939608CF5198 = {
						DevelopmentTeam = 7P8CLHDH5G;
						ProvisioningStyle = Automatic;
						TestTargetID = 07081692DCD65CDD15621678;
					};
					DABF90DB66794B748A46F1B1 = {
						DevelopmentTeam = 7P8CLHDH5G;
						ProvisioningStyle = Automatic;
					};
				};
			};
			buildConfigurationList = B8AD22CB78A2037E9C1A9E45 /* Build configuration list for PBXProject "Homem" */;
			developmentRegion = en;
			hasScannedForEncodings = 0;
			knownRegions = (
				Base,
				en,
				es,
				ja,
				"zh-Hans",
			);
			mainGroup = E8AC0F0F8955FF0C150FAD9E;
			minimizedProjectReferenceProxies = 1;
			packageReferences = (
				65C96A8E2541AC173C644C76 /* XCRemoteSwiftPackageReference "HighlightSwift" */,
				C113A523395A11F9F696FB67 /* XCRemoteSwiftPackageReference "L10n-swift" */,
				AFE770434E677F4352873CA4 /* XCRemoteSwiftPackageReference "SwiftTerm" */,
				01F717A5B9BEE4CCC963918C /* XCRemoteSwiftPackageReference "WebRTC" */,
			);
			preferredProjectObjectVersion = 77;
			productRefGroup = 6B2E4F3C80C32EEFC4FC241B /* Products */;
			projectDirPath = "";
			projectRoot = "";
			targets = (
				07081692DCD65CDD15621678 /* Homem */,
				DABF90DB66794B748A46F1B1 /* HomemShare */,
				20F5B0BFADD0C88EAE970EC7 /* HomemTests */,
				9DFA69DD1A9B939608CF5198 /* HomemUITests */,
			);
		};
/* End PBXProject section */

/* Begin PBXResourcesBuildPhase section */
		94FD33BF35FBC43CE01B3FB7 /* Resources */ = {
			isa = PBXResourcesBuildPhase;
			buildActionMask = 2147483647;
			files = (
				14F0A97B4FDD50E762D26055 /* Localizable.xcstrings in Resources */,
			);
			runOnlyForDeploymentPostprocessing = 0;
		};
		BA341A1D482F952EE91BD500 /* Resources */ = {
			isa = PBXResourcesBuildPhase;
			buildActionMask = 2147483647;
			files = (
				C4929286A33FEBA723D5B241 /* AGPL-3.0.txt in Resources */,
				643E9117140729B922DDAD76 /* AppIcon.icon in Resources */,
				515FB63F31617B99E91C8640 /* Assets.xcassets in Resources */,
				523A73C8F1AF9A4564E9EBEE /* HighlightSwift-LICENSE.txt in Resources */,
				19C6C62DA11ECEEE5447DDA1 /* InfoPlist.xcstrings in Resources */,
				29C62024FD9395E1EE0BF496 /* L10n-swift-LICENSE.txt in Resources */,
				FC2E857D1762A2B65D62423F /* Localizable.xcstrings in Resources */,
				C9B04CE4669D73869CD74BE1 /* PrivacyInfo.xcprivacy in Resources */,
				184354A9ABE5B18EAB9F93A2 /* SwiftTerm-LICENSE.txt in Resources */,
				FBA989A4777BB1EAEB6F3874 /* THIRD_PARTY_NOTICES.txt in Resources */,
				3FCC2BAB559BBA5E47006786 /* WebRTC-LICENSE.txt in Resources */,
				AE005B9F0160F75479DA23D0 /* highlight.js-LICENSE.txt in Resources */,
				386747D70C5744A1A84BBE1D /* memoh-openapi.json in Resources */,
			);
			runOnlyForDeploymentPostprocessing = 0;
		};
/* End PBXResourcesBuildPhase section */

/* Begin PBXSourcesBuildPhase section */
		2625EFC9DEDE2FEBD1683632 /* Sources */ = {
			isa = PBXSourcesBuildPhase;
			buildActionMask = 2147483647;
			files = (
				010A2C50BC39F670A6B91D2C /* HomemUITests.swift in Sources */,
			);
			runOnlyForDeploymentPostprocessing = 0;
		};
		31F00F50915D5D9C60C97867 /* Sources */ = {
			isa = PBXSourcesBuildPhase;
			buildActionMask = 2147483647;
			files = (
				83D8DC00312F9929426F590F /* APIClient.swift in Sources */,
				9E2CDE795FB335F3F805B846 /* AccountVault.swift in Sources */,
				0C0695166A5080F9313184C2 /* AgentViews.swift in Sources */,
				2946FDCAABE3FF6CF882D03C /* AppStore.swift in Sources */,
				2BCF85071462F702D341F668 /* AuthorizationView.swift in Sources */,
				64558162276B92AA1C90FA03 /* AvatarRedirectDelegate.swift in Sources */,
				E820D4DA6A65C882C68EC03D /* ChatQueue.swift in Sources */,
				B3F8C1370DFBC483CB190B72 /* ChatQueueView.swift in Sources */,
				2FB3018334F4AEEC168B6108 /* ChatRuntime.swift in Sources */,
				33093B6E423D764EEB3FD8F6 /* ChatViews.swift in Sources */,
				A3A34CFB285D40165E8F2CA4 /* ChatWorkspacePane.swift in Sources */,
				AF75FE3C7140CDDDB61CEEF6 /* CodeBlockView.swift in Sources */,
				1C797477B620B68DD5316C41 /* CodeFormatting.swift in Sources */,
				2C32313BFD71783F4F35935F /* ConnectionView.swift in Sources */,
				69B1FB782F7FB15D51236BB7 /* Credentials.swift in Sources */,
				BF799F0F204FFFAEDEACDC85 /* DebugDiagnostics.swift in Sources */,
				AEBCB589028D406382442D6C /* DemoServer.swift in Sources */,
				A064042F7A33ADFC45CE130F /* DesktopPictureInPicture.swift in Sources */,
				ED7EFEA3B0330BDD09B12067 /* DesktopReadiness.swift in Sources */,
				87E527B0FAF57A4570B3103F /* DesktopScreen.swift in Sources */,
				F13F0A58C4AD5C3BD6214F89 /* DesktopViewport.swift in Sources */,
				CE17F2A0A08A39E71CD262FF /* FriendlyFormControls.swift in Sources */,
				4FE5DA7E971115502A5DFAC4 /* HomeShell.swift in Sources */,
				F209A47CEA848CC0EE547F2E /* HomemApp.swift in Sources */,
				AD7343B478C7A14DA5B74B61 /* JSONValue.swift in Sources */,
				2B1CDDF997ABCDD7B2F0C94E /* Localization.swift in Sources */,
				795966488C360C75D4C723A0 /* ManagementViews.swift in Sources */,
				9AF90E82E36B4DDA130501D5 /* MemoryGraphView.swift in Sources */,
				8FF01BD49E9AA8FD04D8206D /* ModelCatalog.swift in Sources */,
				A8CBF9103C61AEC802DA2E81 /* ModelsView.swift in Sources */,
				124856A5928CDADCA8CBBB77 /* NewConversationView.swift in Sources */,
				DDB441534C2FA99D8803FADE /* OfficialLogin.swift in Sources */,
				D0BD005070B917AA66C43B8B /* OfficialSession.swift in Sources */,
				74A077E32C2EF06663FF994A /* OfficialSignInView.swift in Sources */,
				C1ECECF823784E4B494754EF /* RFBClient.swift in Sources */,
				EFD9076E8BF3188CCBDBCCA9 /* ResourceFormField.swift in Sources */,
				1867D7F93C26ED97CC6ABD56 /* ResourceViews.swift in Sources */,
				CFFED781A09A0420992927DF /* ScheduleEditor.swift in Sources */,
				1855B92EA42B9F28B27DEC62 /* SchemaCatalog.swift in Sources */,
				6CD20C578587EF7082CD5FAB /* SchemaEditor.swift in Sources */,
				9374492078430E501DEC029B /* SettingsViews.swift in Sources */,
				4EE661A389FFAA2476AE8610 /* ShareUploadClient.swift in Sources */,
				108C464CE88FC310421833A6 /* SharedAccountDirectory.swift in Sources */,
				915225ECBBE6B274B1C52848 /* SharedFiles.swift in Sources */,
				DB008DA9FAB10E27A4C0AFD9 /* TerminalScreen.swift in Sources */,
				53FE6FD34AA05A006D1C07CE /* Theme.swift in Sources */,
				1EDF6AA8EA98B83B955F8F8C /* TokenUsageView.swift in Sources */,
				518F7995AA9B2F664854CA05 /* ToolActivityView.swift in Sources */,
				CE4768FA889B81B84F207E83 /* VoiceRecorder.swift in Sources */,
				29F1CD840D1482316DB4D415 /* WorkspaceViews.swift in Sources */,
			);
			runOnlyForDeploymentPostprocessing = 0;
		};
		908F22BA89613CD481E06D69 /* Sources */ = {
			isa = PBXSourcesBuildPhase;
			buildActionMask = 2147483647;
			files = (
				7438EE22B45DBC2E7A4DC94C /* Credentials.swift in Sources */,
				EFEB1FF9FAB93DA57B6A10D3 /* JSONValue.swift in Sources */,
				534A8C50F8BF86D453843D74 /* Localization.swift in Sources */,
				E79461B7E4CB149F3180D255 /* OfficialSession.swift in Sources */,
				ABF2C757034EB510869F6E8D /* ShareUploadClient.swift in Sources */,
				9A527D44F5B7557F33C95EA8 /* ShareViewController.swift in Sources */,
				5A6A9FD600A1A6C53742FA20 /* SharedAccountDirectory.swift in Sources */,
				E978A85CE77F8E8DAE29D38E /* SharedFiles.swift in Sources */,
			);
			runOnlyForDeploymentPostprocessing = 0;
		};
		931B62E30FDFE4DAA126C91D /* Sources */ = {
			isa = PBXSourcesBuildPhase;
			buildActionMask = 2147483647;
			files = (
				21742C32DA7E8FC3454DC0D4 /* ChatQueueTests.swift in Sources */,
				CC04FBAD27E12AC9FC668A07 /* CodeFormattingTests.swift in Sources */,
				149E634A7E47F34E8FE199DD /* CoreTests.swift in Sources */,
				3D6F4681AF8B8DF6C7E999AE /* DesktopConnectionTests.swift in Sources */,
				35038598AABE67ED93A6215B /* DesktopPictureInPictureTests.swift in Sources */,
				9AE2C2F439A25EA4F0661249 /* DesktopViewportTests.swift in Sources */,
				18ACE2490CA018D0B330B79F /* IntegrationTests.swift in Sources */,
				6EA52ED947A4FC849A45884E /* KeychainTests.swift in Sources */,
				FC292C9BFCD110C180C71044 /* ModelCatalogTests.swift in Sources */,
				1117C5EE5D341CC02DB727F2 /* OfficialLoginTests.swift in Sources */,
				A817110DF8B43412DB61B1E7 /* PresentationTests.swift in Sources */,
				EB9A4864386B065A62038580 /* RFBClientTests.swift in Sources */,
				9A2F96B81134B668272B3CF0 /* ShareTests.swift in Sources */,
				FD9C3949EFC44D8817D37F72 /* TokenUsageTests.swift in Sources */,
			);
			runOnlyForDeploymentPostprocessing = 0;
		};
/* End PBXSourcesBuildPhase section */

/* Begin PBXTargetDependency section */
		24FCFA320806CEAC87EEDB38 /* PBXTargetDependency */ = {
			isa = PBXTargetDependency;
			target = DABF90DB66794B748A46F1B1 /* HomemShare */;
			targetProxy = 5391BED76490B8CFA91BDE59 /* PBXContainerItemProxy */;
		};
		2840FB2C2DF985BD7D3B77BD /* PBXTargetDependency */ = {
			isa = PBXTargetDependency;
			target = 07081692DCD65CDD15621678 /* Homem */;
			targetProxy = 3A96BEF5370F20FCC126FE74 /* PBXContainerItemProxy */;
		};
		3F60ADCCD95C94DFFC9AC5FE /* PBXTargetDependency */ = {
			isa = PBXTargetDependency;
			target = 07081692DCD65CDD15621678 /* Homem */;
			targetProxy = D2A8CFB0E8C71B9687D5CA7E /* PBXContainerItemProxy */;
		};
/* End PBXTargetDependency section */

/* Begin XCBuildConfiguration section */
		04AD03FF35164FEF194F0781 /* Release */ = {
			isa = XCBuildConfiguration;
			buildSettings = {
				APPLICATION_EXTENSION_API_ONLY = YES;
				CODE_SIGN_ENTITLEMENTS = HomemShare/HomemShare.entitlements;
				INFOPLIST_FILE = HomemShare/Info.plist;
				LD_RUNPATH_SEARCH_PATHS = (
					"$(inherited)",
					"@executable_path/Frameworks",
					"@executable_path/../../Frameworks",
				);
				PRODUCT_BUNDLE_IDENTIFIER = ad.neko.homem.share;
				SDKROOT = iphoneos;
				SKIP_INSTALL = YES;
				SUPPORTS_MACCATALYST = YES;
				TARGETED_DEVICE_FAMILY = "1,2";
			};
			name = Release;
		};
		0852BD91967D2E1D8EBE7D8E /* Debug */ = {
			isa = XCBuildConfiguration;
			buildSettings = {
				ASSETCATALOG_COMPILER_APPICON_NAME = AppIcon;
				CODE_SIGN_ENTITLEMENTS = Homem/Homem.entitlements;
				CODE_SIGN_IDENTITY = "iPhone Developer";
				INFOPLIST_FILE = Homem/Info.plist;
				LD_RUNPATH_SEARCH_PATHS = (
					"$(inherited)",
					"@executable_path/Frameworks",
				);
				PRODUCT_BUNDLE_IDENTIFIER = ad.neko.homem;
				SDKROOT = iphoneos;
				SUPPORTS_MACCATALYST = YES;
				TARGETED_DEVICE_FAMILY = "1,2";
			};
			name = Debug;
		};
		13D161A1D5CD641313F814EF /* Debug */ = {
			isa = XCBuildConfiguration;
			buildSettings = {
				BUNDLE_LOADER = "$(TEST_HOST)";
				GENERATE_INFOPLIST_FILE = YES;
				LD_RUNPATH_SEARCH_PATHS = (
					"$(inherited)",
					"@executable_path/Frameworks",
					"@loader_path/Frameworks",
				);
				PRODUCT_BUNDLE_IDENTIFIER = ad.neko.HomemTests;
				SDKROOT = iphoneos;
				SUPPORTS_MACCATALYST = YES;
				TARGETED_DEVICE_FAMILY = "1,2";
				TEST_HOST = "$(BUILT_PRODUCTS_DIR)/Homem.app/Homem";
				"TEST_HOST[sdk=macosx*]" = "$(BUILT_PRODUCTS_DIR)/Homem.app/Contents/MacOS/Homem";
			};
			name = Debug;
		};
		4F328E4CA0268AD26E406DD6 /* Debug */ = {
			isa = XCBuildConfiguration;
			buildSettings = {
				BUNDLE_LOADER = "$(TEST_HOST)";
				GENERATE_INFOPLIST_FILE = YES;
				LD_RUNPATH_SEARCH_PATHS = (
					"$(inherited)",
					"@executable_path/Frameworks",
					"@loader_path/Frameworks",
				);
				PRODUCT_BUNDLE_IDENTIFIER = ad.neko.HomemUITests;
				SDKROOT = iphoneos;
				TARGETED_DEVICE_FAMILY = "1,2";
				TEST_TARGET_NAME = Homem;
			};
			name = Debug;
		};
		566176E3231E1082F2C63C43 /* Release */ = {
			isa = XCBuildConfiguration;
			buildSettings = {
				ALWAYS_SEARCH_USER_PATHS = NO;
				CLANG_ANALYZER_NONNULL = YES;
				CLANG_ANALYZER_NUMBER_OBJECT_CONVERSION = YES_AGGRESSIVE;
				CLANG_CXX_LANGUAGE_STANDARD = "gnu++14";
				CLANG_CXX_LIBRARY = "libc++";
				CLANG_ENABLE_MODULES = YES;
				CLANG_ENABLE_OBJC_ARC = YES;
				CLANG_ENABLE_OBJC_WEAK = YES;
				CLANG_WARN_BLOCK_CAPTURE_AUTORELEASING = YES;
				CLANG_WARN_BOOL_CONVERSION = YES;
				CLANG_WARN_COMMA = YES;
				CLANG_WARN_CONSTANT_CONVERSION = YES;
				CLANG_WARN_DEPRECATED_OBJC_IMPLEMENTATIONS = YES;
				CLANG_WARN_DIRECT_OBJC_ISA_USAGE = YES_ERROR;
				CLANG_WARN_DOCUMENTATION_COMMENTS = YES;
				CLANG_WARN_EMPTY_BODY = YES;
				CLANG_WARN_ENUM_CONVERSION = YES;
				CLANG_WARN_INFINITE_RECURSION = YES;
				CLANG_WARN_INT_CONVERSION = YES;
				CLANG_WARN_NON_LITERAL_NULL_CONVERSION = YES;
				CLANG_WARN_OBJC_IMPLICIT_RETAIN_SELF = YES;
				CLANG_WARN_OBJC_LITERAL_CONVERSION = YES;
				CLANG_WARN_OBJC_ROOT_CLASS = YES_ERROR;
				CLANG_WARN_QUOTED_INCLUDE_IN_FRAMEWORK_HEADER = YES;
				CLANG_WARN_RANGE_LOOP_ANALYSIS = YES;
				CLANG_WARN_STRICT_PROTOTYPES = YES;
				CLANG_WARN_SUSPICIOUS_MOVE = YES;
				CLANG_WARN_UNGUARDED_AVAILABILITY = YES_AGGRESSIVE;
				CLANG_WARN_UNREACHABLE_CODE = YES;
				CLANG_WARN__DUPLICATE_METHOD_MATCH = YES;
				CODE_SIGN_STYLE = Automatic;
				COPY_PHASE_STRIP = NO;
				CURRENT_PROJECT_VERSION = 1;
				DEBUG_INFORMATION_FORMAT = "dwarf-with-dsym";
				DEVELOPMENT_TEAM = 7P8CLHDH5G;
				ENABLE_NS_ASSERTIONS = NO;
				ENABLE_STRICT_OBJC_MSGSEND = YES;
				ENABLE_USER_SCRIPT_SANDBOXING = YES;
				GCC_C_LANGUAGE_STANDARD = gnu11;
				GCC_NO_COMMON_BLOCKS = YES;
				GCC_WARN_64_TO_32_BIT_CONVERSION = YES;
				GCC_WARN_ABOUT_RETURN_TYPE = YES_ERROR;
				GCC_WARN_UNDECLARED_SELECTOR = YES;
				GCC_WARN_UNINITIALIZED_AUTOS = YES_AGGRESSIVE;
				GCC_WARN_UNUSED_FUNCTION = YES;
				GCC_WARN_UNUSED_VARIABLE = YES;
				IPHONEOS_DEPLOYMENT_TARGET = 17.0;
				MACOSX_DEPLOYMENT_TARGET = 14.0;
				MARKETING_VERSION = 1.0.0;
				MTL_ENABLE_DEBUG_INFO = NO;
				MTL_FAST_MATH = YES;
				PRODUCT_NAME = "$(TARGET_NAME)";
				SDKROOT = iphoneos;
				"SWIFT_ACTIVE_COMPILATION_CONDITIONS[sdk=iphone*27.1*]" = "$(inherited) HOMEM_DUO_SDK";
				SWIFT_COMPILATION_MODE = wholemodule;
				SWIFT_OPTIMIZATION_LEVEL = "-O";
				SWIFT_VERSION = 5.0;
			};
			name = Release;
		};
		7E23898D3ABDF3E78A8DFBEC /* Release */ = {
			isa = XCBuildConfiguration;
			buildSettings = {
				BUNDLE_LOADER = "$(TEST_HOST)";
				GENERATE_INFOPLIST_FILE = YES;
				LD_RUNPATH_SEARCH_PATHS = (
					"$(inherited)",
					"@executable_path/Frameworks",
					"@loader_path/Frameworks",
				);
				PRODUCT_BUNDLE_IDENTIFIER = ad.neko.HomemUITests;
				SDKROOT = iphoneos;
				TARGETED_DEVICE_FAMILY = "1,2";
				TEST_TARGET_NAME = Homem;
			};
			name = Release;
		};
		80B625476A4B2836AB61F3F2 /* Debug */ = {
			isa = XCBuildConfiguration;
			buildSettings = {
				ALWAYS_SEARCH_USER_PATHS = NO;
				CLANG_ANALYZER_NONNULL = YES;
				CLANG_ANALYZER_NUMBER_OBJECT_CONVERSION = YES_AGGRESSIVE;
				CLANG_CXX_LANGUAGE_STANDARD = "gnu++14";
				CLANG_CXX_LIBRARY = "libc++";
				CLANG_ENABLE_MODULES = YES;
				CLANG_ENABLE_OBJC_ARC = YES;
				CLANG_ENABLE_OBJC_WEAK = YES;
				CLANG_WARN_BLOCK_CAPTURE_AUTORELEASING = YES;
				CLANG_WARN_BOOL_CONVERSION = YES;
				CLANG_WARN_COMMA = YES;
				CLANG_WARN_CONSTANT_CONVERSION = YES;
				CLANG_WARN_DEPRECATED_OBJC_IMPLEMENTATIONS = YES;
				CLANG_WARN_DIRECT_OBJC_ISA_USAGE = YES_ERROR;
				CLANG_WARN_DOCUMENTATION_COMMENTS = YES;
				CLANG_WARN_EMPTY_BODY = YES;
				CLANG_WARN_ENUM_CONVERSION = YES;
				CLANG_WARN_INFINITE_RECURSION = YES;
				CLANG_WARN_INT_CONVERSION = YES;
				CLANG_WARN_NON_LITERAL_NULL_CONVERSION = YES;
				CLANG_WARN_OBJC_IMPLICIT_RETAIN_SELF = YES;
				CLANG_WARN_OBJC_LITERAL_CONVERSION = YES;
				CLANG_WARN_OBJC_ROOT_CLASS = YES_ERROR;
				CLANG_WARN_QUOTED_INCLUDE_IN_FRAMEWORK_HEADER = YES;
				CLANG_WARN_RANGE_LOOP_ANALYSIS = YES;
				CLANG_WARN_STRICT_PROTOTYPES = YES;
				CLANG_WARN_SUSPICIOUS_MOVE = YES;
				CLANG_WARN_UNGUARDED_AVAILABILITY = YES_AGGRESSIVE;
				CLANG_WARN_UNREACHABLE_CODE = YES;
				CLANG_WARN__DUPLICATE_METHOD_MATCH = YES;
				CODE_SIGN_STYLE = Automatic;
				COPY_PHASE_STRIP = NO;
				CURRENT_PROJECT_VERSION = 1;
				DEBUG_INFORMATION_FORMAT = dwarf;
				DEVELOPMENT_TEAM = 7P8CLHDH5G;
				ENABLE_STRICT_OBJC_MSGSEND = YES;
				ENABLE_TESTABILITY = YES;
				ENABLE_USER_SCRIPT_SANDBOXING = YES;
				GCC_C_LANGUAGE_STANDARD = gnu11;
				GCC_DYNAMIC_NO_PIC = NO;
				GCC_NO_COMMON_BLOCKS = YES;
				GCC_OPTIMIZATION_LEVEL = 0;
				GCC_PREPROCESSOR_DEFINITIONS = (
					"$(inherited)",
					"DEBUG=1",
				);
				GCC_WARN_64_TO_32_BIT_CONVERSION = YES;
				GCC_WARN_ABOUT_RETURN_TYPE = YES_ERROR;
				GCC_WARN_UNDECLARED_SELECTOR = YES;
				GCC_WARN_UNINITIALIZED_AUTOS = YES_AGGRESSIVE;
				GCC_WARN_UNUSED_FUNCTION = YES;
				GCC_WARN_UNUSED_VARIABLE = YES;
				IPHONEOS_DEPLOYMENT_TARGET = 17.0;
				MACOSX_DEPLOYMENT_TARGET = 14.0;
				MARKETING_VERSION = 1.0.0;
				MTL_ENABLE_DEBUG_INFO = INCLUDE_SOURCE;
				MTL_FAST_MATH = YES;
				ONLY_ACTIVE_ARCH = YES;
				PRODUCT_NAME = "$(TARGET_NAME)";
				SDKROOT = iphoneos;
				SWIFT_ACTIVE_COMPILATION_CONDITIONS = DEBUG;
				"SWIFT_ACTIVE_COMPILATION_CONDITIONS[sdk=iphone*27.1*]" = "$(inherited) HOMEM_DUO_SDK";
				SWIFT_OPTIMIZATION_LEVEL = "-Onone";
				SWIFT_VERSION = 5.0;
			};
			name = Debug;
		};
		82CF1EECE1D8156544760D16 /* Debug */ = {
			isa = XCBuildConfiguration;
			buildSettings = {
				APPLICATION_EXTENSION_API_ONLY = YES;
				CODE_SIGN_ENTITLEMENTS = HomemShare/HomemShare.entitlements;
				INFOPLIST_FILE = HomemShare/Info.plist;
				LD_RUNPATH_SEARCH_PATHS = (
					"$(inherited)",
					"@executable_path/Frameworks",
					"@executable_path/../../Frameworks",
				);
				PRODUCT_BUNDLE_IDENTIFIER = ad.neko.homem.share;
				SDKROOT = iphoneos;
				SKIP_INSTALL = YES;
				SUPPORTS_MACCATALYST = YES;
				TARGETED_DEVICE_FAMILY = "1,2";
			};
			name = Debug;
		};
		9196D551964320A83A5C99DD /* Release */ = {
			isa = XCBuildConfiguration;
			buildSettings = {
				ASSETCATALOG_COMPILER_APPICON_NAME = AppIcon;
				CODE_SIGN_ENTITLEMENTS = Homem/Homem.entitlements;
				CODE_SIGN_IDENTITY = "iPhone Developer";
				INFOPLIST_FILE = Homem/Info.plist;
				LD_RUNPATH_SEARCH_PATHS = (
					"$(inherited)",
					"@executable_path/Frameworks",
				);
				PRODUCT_BUNDLE_IDENTIFIER = ad.neko.homem;
				SDKROOT = iphoneos;
				SUPPORTS_MACCATALYST = YES;
				TARGETED_DEVICE_FAMILY = "1,2";
			};
			name = Release;
		};
		AFE9A96747B262BD0E8B722A /* Release */ = {
			isa = XCBuildConfiguration;
			buildSettings = {
				BUNDLE_LOADER = "$(TEST_HOST)";
				GENERATE_INFOPLIST_FILE = YES;
				LD_RUNPATH_SEARCH_PATHS = (
					"$(inherited)",
					"@executable_path/Frameworks",
					"@loader_path/Frameworks",
				);
				PRODUCT_BUNDLE_IDENTIFIER = ad.neko.HomemTests;
				SDKROOT = iphoneos;
				SUPPORTS_MACCATALYST = YES;
				TARGETED_DEVICE_FAMILY = "1,2";
				TEST_HOST = "$(BUILT_PRODUCTS_DIR)/Homem.app/Homem";
				"TEST_HOST[sdk=macosx*]" = "$(BUILT_PRODUCTS_DIR)/Homem.app/Contents/MacOS/Homem";
			};
			name = Release;
		};
/* End XCBuildConfiguration section */

/* Begin XCConfigurationList section */
		4BCBC5821B57AA8B4B987C0F /* Build configuration list for PBXNativeTarget "Homem" */ = {
			isa = XCConfigurationList;
			buildConfigurations = (
				0852BD91967D2E1D8EBE7D8E /* Debug */,
				9196D551964320A83A5C99DD /* Release */,
			);
			defaultConfigurationIsVisible = 0;
			defaultConfigurationName = Debug;
		};
		A7AEDE3DE37E144F059FDB0F /* Build configuration list for PBXNativeTarget "HomemUITests" */ = {
			isa = XCConfigurationList;
			buildConfigurations = (
				4F328E4CA0268AD26E406DD6 /* Debug */,
				7E23898D3ABDF3E78A8DFBEC /* Release */,
			);
			defaultConfigurationIsVisible = 0;
			defaultConfigurationName = Debug;
		};
		B8AD22CB78A2037E9C1A9E45 /* Build configuration list for PBXProject "Homem" */ = {
			isa = XCConfigurationList;
			buildConfigurations = (
				80B625476A4B2836AB61F3F2 /* Debug */,
				566176E3231E1082F2C63C43 /* Release */,
			);
			defaultConfigurationIsVisible = 0;
			defaultConfigurationName = Debug;
		};
		C52873D64E0EFB037A390B4D /* Build configuration list for PBXNativeTarget "HomemTests" */ = {
			isa = XCConfigurationList;
			buildConfigurations = (
				13D161A1D5CD641313F814EF /* Debug */,
				AFE9A96747B262BD0E8B722A /* Release */,
			);
			defaultConfigurationIsVisible = 0;
			defaultConfigurationName = Debug;
		};
		E42E47D136D7A697F2395045 /* Build configuration list for PBXNativeTarget "HomemShare" */ = {
			isa = XCConfigurationList;
			buildConfigurations = (
				82CF1EECE1D8156544760D16 /* Debug */,
				04AD03FF35164FEF194F0781 /* Release */,
			);
			defaultConfigurationIsVisible = 0;
			defaultConfigurationName = Debug;
		};
/* End XCConfigurationList section */

/* Begin XCRemoteSwiftPackageReference section */
		01F717A5B9BEE4CCC963918C /* XCRemoteSwiftPackageReference "WebRTC" */ = {
			isa = XCRemoteSwiftPackageReference;
			repositoryURL = "https://github.com/stasel/WebRTC.git";
			requirement = {
				kind = exactVersion;
				version = 153.0.0;
			};
		};
		65C96A8E2541AC173C644C76 /* XCRemoteSwiftPackageReference "HighlightSwift" */ = {
			isa = XCRemoteSwiftPackageReference;
			repositoryURL = "https://github.com/appstefan/HighlightSwift.git";
			requirement = {
				kind = exactVersion;
				version = 1.1.0;
			};
		};
		AFE770434E677F4352873CA4 /* XCRemoteSwiftPackageReference "SwiftTerm" */ = {
			isa = XCRemoteSwiftPackageReference;
			repositoryURL = "https://github.com/migueldeicaza/SwiftTerm.git";
			requirement = {
				kind = exactVersion;
				version = 1.20.0;
			};
		};
		C113A523395A11F9F696FB67 /* XCRemoteSwiftPackageReference "L10n-swift" */ = {
			isa = XCRemoteSwiftPackageReference;
			repositoryURL = "https://github.com/Decybel07/L10n-swift.git";
			requirement = {
				kind = exactVersion;
				version = 5.10.3;
			};
		};
/* End XCRemoteSwiftPackageReference section */

/* Begin XCSwiftPackageProductDependency section */
		50BD593C60F7E2D0C727C104 /* WebRTC */ = {
			isa = XCSwiftPackageProductDependency;
			package = 01F717A5B9BEE4CCC963918C /* XCRemoteSwiftPackageReference "WebRTC" */;
			productName = WebRTC;
		};
		543A0618A69C949C6999066D /* SwiftTerm */ = {
			isa = XCSwiftPackageProductDependency;
			package = AFE770434E677F4352873CA4 /* XCRemoteSwiftPackageReference "SwiftTerm" */;
			productName = SwiftTerm;
		};
		6E93DC2DD9CBB76177797FC0 /* L10n-swift */ = {
			isa = XCSwiftPackageProductDependency;
			package = C113A523395A11F9F696FB67 /* XCRemoteSwiftPackageReference "L10n-swift" */;
			productName = "L10n-swift";
		};
		7EEBB9CBEB668E7A55841D61 /* HighlightSwift */ = {
			isa = XCSwiftPackageProductDependency;
			package = 65C96A8E2541AC173C644C76 /* XCRemoteSwiftPackageReference "HighlightSwift" */;
			productName = HighlightSwift;
		};
		E5A8619FDA4F33267B4B5660 /* L10n-swift */ = {
			isa = XCSwiftPackageProductDependency;
			package = C113A523395A11F9F696FB67 /* XCRemoteSwiftPackageReference "L10n-swift" */;
			productName = "L10n-swift";
		};
/* End XCSwiftPackageProductDependency section */
	};
	rootObject = 391747BDFE63C927481E5E6D /* Project object */;
}
